
Microsoft Visual Studio Solution File, Format Version 12.00
# Visual Studio 15
VisualStudioVersion = 15.0.27130.2020
MinimumVisualStudioVersion = 10.0.40219.1
Project("{FAE04EC0-301F-11D3-BF4B-00C04F79EFBC}") = "AT_preparation", "sls_preorientation\AT_preparation.csproj", "{2BCF0759-A38E-4251-9C3B-46ABC255C0F7}"
EndProject
Project("{2150E333-8FDC-42A3-9474-1A3956D46DE8}") = "Solution Items", "Solution Items", "{80DD95F1-E60E-4524-97C0-9F76292617D0}"
	ProjectSection(SolutionItems) = preProject
		Performance1.psess = Performance1.psess
	EndProjectSection
EndProject
Global
	GlobalSection(Performance) = preSolution
		HasPerformanceSessions = true
	EndGlobalSection
	GlobalSection(SolutionConfigurationPlatforms) = preSolution
		Debug|Any CPU = Debug|Any CPU
		Release|Any CPU = Release|Any CPU
	EndGlobalSection
	GlobalSection(ProjectConfigurationPlatforms) = postSolution
		{2BCF0759-A38E-4251-9C3B-46ABC255C0F7}.Debug|Any CPU.ActiveCfg = Debug|Any CPU
		{2BCF0759-A38E-4251-9C3B-46ABC255C0F7}.Debug|Any CPU.Build.0 = Debug|Any CPU
		{2BCF0759-A38E-4251-9C3B-46ABC255C0F7}.Release|Any CPU.ActiveCfg = Release|Any CPU
		{2BCF0759-A38E-4251-9C3B-46ABC255C0F7}.Release|Any CPU.Build.0 = Release|Any CPU
	EndGlobalSection
	GlobalSection(SolutionProperties) = preSolution
		HideSolutionNode = FALSE
	EndGlobalSection
	GlobalSection(ExtensibilityGlobals) = postSolution
		SolutionGuid = {B8FFE9E6-B3B7-4485-B9F3-682A53851E2C}
	EndGlobalSection
EndGlobal
